// !$*UTF8*$!
{
	archiveVersion = 1;
	classes = {
	};
	objectVersion = 48;
	objects = {

/* Begin PBXBuildFile section */
		41B0E6CF1FEA7B7700E66268 /* Config.swift in Sources */ = {isa = PBXBuildFile; fileRef = 41B0E6CE1FEA7B7700E66268 /* Config.swift */; };
		41B0E6D51FEA832B00E66268 /* ApiRTC.framework in Frameworks */ = {isa = PBXBuildFile; fileRef = 41B0E6D41FEA832B00E66268 /* ApiRTC.framework */; };
		41B0E6D61FEA832B00E66268 /* ApiRTC.framework in Embed Frameworks */ = {isa = PBXBuildFile; fileRef = 41B0E6D41FEA832B00E66268 /* ApiRTC.framework */; settings = {ATTRIBUTES = (CodeSignOnCopy, RemoveHeadersOnCopy, ); }; };
		41B9F3E21FEA756600A6155C /* AppDelegate.swift in Sources */ = {isa = PBXBuildFile; fileRef = 41B9F3E11FEA756600A6155C /* AppDelegate.swift */; };
		41B9F3E41FEA756600A6155C /* ViewController.swift in Sources */ = {isa = PBXBuildFile; fileRef = 41B9F3E31FEA756600A6155C /* ViewController.swift */; };
		41B9F3E71FEA756600A6155C /* Main.storyboard in Resources */ = {isa = PBXBuildFile; fileRef = 41B9F3E51FEA756600A6155C /* Main.storyboard */; };
		41B9F3E91FEA756600A6155C /* Assets.xcassets in Resources */ = {isa = PBXBuildFile; fileRef = 41B9F3E81FEA756600A6155C /* Assets.xcassets */; };
		41B9F3EC1FEA756600A6155C /* LaunchScreen.storyboard in Resources */ = {isa = PBXBuildFile; fileRef = 41B9F3EA1FEA756600A6155C /* LaunchScreen.storyboard */; };
		A2DAC5617FE2995F97048E4F /* Pods_SessionSample.framework in Frameworks */ = {isa = PBXBuildFile; fileRef = 42305931B3F4C24CC5339F4C /* Pods_SessionSample.framework */; };
/* End PBXBuildFile section */

/* Begin PBXCopyFilesBuildPhase section */
		41B0E6D71FEA832B00E66268 /* Embed Frameworks */ = {
			isa = PBXCopyFilesBuildPhase;
			buildActionMask = 2147483647;
			dstPath = "";
			dstSubfolderSpec = 10;
			files = (
				41B0E6D61FEA832B00E66268 /* ApiRTC.framework in Embed Frameworks */,
			);
			name = "Embed Frameworks";
			runOnlyForDeploymentPostprocessing = 0;
		};
/* End PBXCopyFilesBuildPhase section */

/* Begin PBXFileReference section */
		41B0E6CE1FEA7B7700E66268 /* Config.swift */ = {isa = PBXFileReference; fileEncoding = 4; lastKnownFileType = sourcecode.swift; path = Config.swift; sourceTree = "<group>"; };
		41B0E6D41FEA832B00E66268 /* ApiRTC.framework */ = {isa = PBXFileReference; explicitFileType = wrapper.framework; path = ApiRTC.framework; sourceTree = BUILT_PRODUCTS_DIR; };
		41B9F3DE1FEA756600A6155C /* SessionSample.app */ = {isa = PBXFileReference; explicitFileType = wrapper.application; includeInIndex = 0; path = SessionSample.app; sourceTree = BUILT_PRODUCTS_DIR; };
		41B9F3E11FEA756600A6155C /* AppDelegate.swift */ = {isa = PBXFileReference; lastKnownFileType = sourcecode.swift; path = AppDelegate.swift; sourceTree = "<group>"; };
		41B9F3E31FEA756600A6155C /* ViewController.swift */ = {isa = PBXFileReference; lastKnownFileType = sourcecode.swift; path = ViewController.swift; sourceTree = "<group>"; };
		41B9F3E61FEA756600A6155C /* Base */ = {isa = PBXFileReference; lastKnownFileType = file.storyboard; name = Base; path = Base.lproj/Main.storyboard; sourceTree = "<group>"; };
		41B9F3E81FEA756600A6155C /* Assets.xcassets */ = {isa = PBXFileReference; lastKnownFileType = folder.assetcatalog; path = Assets.xcassets; sourceTree = "<group>"; };
		41B9F3EB1FEA756600A6155C /* Base */ = {isa = PBXFileReference; lastKnownFileType = file.storyboard; name = Base; path = Base.lproj/LaunchScreen.storyboard; sourceTree = "<group>"; };
		41B9F3ED1FEA756600A6155C /* Info.plist */ = {isa = PBXFileReference; lastKnownFileType = text.plist.xml; path = Info.plist; sourceTree = "<group>"; };
		42305931B3F4C24CC5339F4C /* Pods_SessionSample.framework */ = {isa = PBXFileReference; explicitFileType = wrapper.framework; includeInIndex = 0; path = Pods_SessionSample.framework; sourceTree = BUILT_PRODUCTS_DIR; };
		D1174A76E242A681999FAF72 /* Pods-SessionSample.debug.xcconfig */ = {isa = PBXFileReference; includeInIndex = 1; lastKnownFileType = text.xcconfig; name = "Pods-SessionSample.debug.xcconfig"; path = "../../ApiRTCDev/Pods/Target Support Files/Pods-SessionSample/Pods-SessionSample.debug.xcconfig"; sourceTree = "<group>"; };
		FE8190E4C8E560A55378FF8F /* Pods-SessionSample.release.xcconfig */ = {isa = PBXFileReference; includeInIndex = 1; lastKnownFileType = text.xcconfig; name = "Pods-SessionSample.release.xcconfig"; path = "../../ApiRTCDev/Pods/Target Support Files/Pods-SessionSample/Pods-SessionSample.release.xcconfig"; sourceTree = "<group>"; };
/* End PBXFileReference section */

/* Begin PBXFrameworksBuildPhase section */
		41B9F3DB1FEA756600A6155C /* Frameworks */ = {
			isa = PBXFrameworksBuildPhase;
			buildActionMask = 2147483647;
			files = (
				A2DAC5617FE2995F97048E4F /* Pods_SessionSample.framework in Frameworks */,
				41B0E6D51FEA832B00E66268 /* ApiRTC.framework in Frameworks */,
			);
			runOnlyForDeploymentPostprocessing = 0;
		};
/* End PBXFrameworksBuildPhase section */

/* Begin PBXGroup section */
		41B9F3D51FEA756600A6155C = {
			isa = PBXGroup;
			children = (
				41B0E6D41FEA832B00E66268 /* ApiRTC.framework */,
				41B9F3E01FEA756600A6155C /* SessionSample */,
				41B9F3DF1FEA756600A6155C /* Products */,
				4D9E325F6BF3DFDDCCFA4366 /* Pods */,
				81C6C9F2AF77F5290CD4C2E2 /* Frameworks */,
			);
			sourceTree = "<group>";
		};
		41B9F3DF1FEA756600A6155C /* Products */ = {
			isa = PBXGroup;
			children = (
				41B9F3DE1FEA756600A6155C /* SessionSample.app */,
			);
			name = Products;
			sourceTree = "<group>";
		};
		41B9F3E01FEA756600A6155C /* SessionSample */ = {
			isa = PBXGroup;
			children = (
				41B9F3E11FEA756600A6155C /* AppDelegate.swift */,
				41B0E6CE1FEA7B7700E66268 /* Config.swift */,
				41B9F3E31FEA756600A6155C /* ViewController.swift */,
				41B9F3E51FEA756600A6155C /* Main.storyboard */,
				41B9F3E81FEA756600A6155C /* Assets.xcassets */,
				41B9F3EA1FEA756600A6155C /* LaunchScreen.storyboard */,
				41B9F3ED1FEA756600A6155C /* Info.plist */,
			);
			path = SessionSample;
			sourceTree = "<group>";
		};
		4D9E325F6BF3DFDDCCFA4366 /* Pods */ = {
			isa = PBXGroup;
			children = (
				D1174A76E242A681999FAF72 /* Pods-SessionSample.debug.xcconfig */,
				FE8190E4C8E560A55378FF8F /* Pods-SessionSample.release.xcconfig */,
			);
			name = Pods;
			sourceTree = "<group>";
		};
		81C6C9F2AF77F5290CD4C2E2 /* Frameworks */ = {
			isa = PBXGroup;
			children = (
				42305931B3F4C24CC5339F4C /* Pods_SessionSample.framework */,
			);
			name = Frameworks;
			sourceTree = "<group>";
		};
/* End PBXGroup section */

/* Begin PBXNativeTarget section */
		41B9F3DD1FEA756600A6155C /* SessionSample */ = {
			isa = PBXNativeTarget;
			buildConfigurationList = 41B9F3F01FEA756600A6155C /* Build configuration list for PBXNativeTarget "SessionSample" */;
			buildPhases = (
				873ADFE47B194A589738201E /* [CP] Check Pods Manifest.lock */,
				41B9F3DA1FEA756600A6155C /* Sources */,
				41B9F3DB1FEA756600A6155C /* Frameworks */,
				41B9F3DC1FEA756600A6155C /* Resources */,
				3E0AD708364554250183C05A /* [CP] Embed Pods Frameworks */,
				94ECC80FC473497D53F80A66 /* [CP] Copy Pods Resources */,
				41B0E6D71FEA832B00E66268 /* Embed Frameworks */,
			);
			buildRules = (
			);
			dependencies = (
			);
			name = SessionSample;
			productName = SessionSample;
			productReference = 41B9F3DE1FEA756600A6155C /* SessionSample.app */;
			productType = "com.apple.product-type.application";
		};
/* End PBXNativeTarget section */

/* Begin PBXProject section */
		41B9F3D61FEA756600A6155C /* Project object */ = {
			isa = PBXProject;
			attributes = {
				LastSwiftUpdateCheck = 0920;
				LastUpgradeCheck = 0920;
				ORGANIZATIONNAME = Apizee;
				TargetAttributes = {
					41B9F3DD1FEA756600A6155C = {
						CreatedOnToolsVersion = 9.2;
						ProvisioningStyle = Automatic;
					};
				};
			};
			buildConfigurationList = 41B9F3D91FEA756600A6155C /* Build configuration list for PBXProject "SessionSample" */;
			compatibilityVersion = "Xcode 8.0";
			developmentRegion = en;
			hasScannedForEncodings = 0;
			knownRegions = (
				en,
				Base,
			);
			mainGroup = 41B9F3D51FEA756600A6155C;
			productRefGroup = 41B9F3DF1FEA756600A6155C /* Products */;
			projectDirPath = "";
			projectRoot = "";
			targets = (
				41B9F3DD1FEA756600A6155C /* SessionSample */,
			);
		};
/* End PBXProject section */

/* Begin PBXResourcesBuildPhase section */
		41B9F3DC1FEA756600A6155C /* Resources */ = {
			isa = PBXResourcesBuildPhase;
			buildActionMask = 2147483647;
			files = (
				41B9F3EC1FEA756600A6155C /* LaunchScreen.storyboard in Resources */,
				41B9F3E91FEA756600A6155C /* Assets.xcassets in Resources */,
				41B9F3E71FEA756600A6155C /* Main.storyboard in Resources */,
			);
			runOnlyForDeploymentPostprocessing = 0;
		};
/* End PBXResourcesBuildPhase section */

/* Begin PBXShellScriptBuildPhase section */
		3E0AD708364554250183C05A /* [CP] Embed Pods Frameworks */ = {
			isa = PBXShellScriptBuildPhase;
			buildActionMask = 2147483647;
			files = (
			);
			inputPaths = (
				"${SRCROOT}/../../ApiRTCDev/Pods/Target Support Files/Pods-SessionSample/Pods-SessionSample-frameworks.sh",
				"${PODS_ROOT}/GoogleWebRTC/Frameworks/frameworks/WebRTC.framework",
				"${BUILT_PRODUCTS_DIR}/SnapKit/SnapKit.framework",
				"${BUILT_PRODUCTS_DIR}/Socket.IO-Client-Swift/SocketIO.framework",
				"${BUILT_PRODUCTS_DIR}/Starscream/Starscream.framework",
				"${BUILT_PRODUCTS_DIR}/Eureka/Eureka.framework",
				"${BUILT_PRODUCTS_DIR}/GSMessages/GSMessages.framework",
				"${BUILT_PRODUCTS_DIR}/SwiftyDrop/SwiftyDrop.framework",
			);
			name = "[CP] Embed Pods Frameworks";
			outputPaths = (
				"${TARGET_BUILD_DIR}/${FRAMEWORKS_FOLDER_PATH}/WebRTC.framework",
				"${TARGET_BUILD_DIR}/${FRAMEWORKS_FOLDER_PATH}/SnapKit.framework",
				"${TARGET_BUILD_DIR}/${FRAMEWORKS_FOLDER_PATH}/SocketIO.framework",
				"${TARGET_BUILD_DIR}/${FRAMEWORKS_FOLDER_PATH}/Starscream.framework",
				"${TARGET_BUILD_DIR}/${FRAMEWORKS_FOLDER_PATH}/Eureka.framework",
				"${TARGET_BUILD_DIR}/${FRAMEWORKS_FOLDER_PATH}/GSMessages.framework",
				"${TARGET_BUILD_DIR}/${FRAMEWORKS_FOLDER_PATH}/SwiftyDrop.framework",
			);
			runOnlyForDeploymentPostprocessing = 0;
			shellPath = /bin/sh;
			shellScript = "\"${SRCROOT}/../../ApiRTCDev/Pods/Target Support Files/Pods-SessionSample/Pods-SessionSample-frameworks.sh\"\n";
			showEnvVarsInLog = 0;
		};
		873ADFE47B194A589738201E /* [CP] Check Pods Manifest.lock */ = {
			isa = PBXShellScriptBuildPhase;
			buildActionMask = 2147483647;
			files = (
			);
			inputPaths = (
				"${PODS_PODFILE_DIR_PATH}/Podfile.lock",
				"${PODS_ROOT}/Manifest.lock",
			);
			name = "[CP] Check Pods Manifest.lock";
			outputPaths = (
				"$(DERIVED_FILE_DIR)/Pods-SessionSample-checkManifestLockResult.txt",
			);
			runOnlyForDeploymentPostprocessing = 0;
			shellPath = /bin/sh;
			shellScript = "diff \"${PODS_PODFILE_DIR_PATH}/Podfile.lock\" \"${PODS_ROOT}/Manifest.lock\" > /dev/null\nif [ $? != 0 ] ; then\n    # print error to STDERR\n    echo \"error: The sandbox is not in sync with the Podfile.lock. Run 'pod install' or update your CocoaPods installation.\" >&2\n    exit 1\nfi\n# This output is used by Xcode 'outputs' to avoid re-running this script phase.\necho \"SUCCESS\" > \"${SCRIPT_OUTPUT_FILE_0}\"\n";
			showEnvVarsInLog = 0;
		};
		94ECC80FC473497D53F80A66 /* [CP] Copy Pods Resources */ = {
			isa = PBXShellScriptBuildPhase;
			buildActionMask = 2147483647;
			files = (
			);
			inputPaths = (
			);
			name = "[CP] Copy Pods Resources";
			outputPaths = (
			);
			runOnlyForDeploymentPostprocessing = 0;
			shellPath = /bin/sh;
			shellScript = "\"${SRCROOT}/../../ApiRTCDev/Pods/Target Support Files/Pods-SessionSample/Pods-SessionSample-resources.sh\"\n";
			showEnvVarsInLog = 0;
		};
/* End PBXShellScriptBuildPhase section */

/* Begin PBXSourcesBuildPhase section */
		41B9F3DA1FEA756600A6155C /* Sources */ = {
			isa = PBXSourcesBuildPhase;
			buildActionMask = 2147483647;
			files = (
				41B9F3E41FEA756600A6155C /* ViewController.swift in Sources */,
				41B9F3E21FEA756600A6155C /* AppDelegate.swift in Sources */,
				41B0E6CF1FEA7B7700E66268 /* Config.swift in Sources */,
			);
			runOnlyForDeploymentPostprocessing = 0;
		};
/* End PBXSourcesBuildPhase section */

/* Begin PBXVariantGroup section */
		41B9F3E51FEA756600A6155C /* Main.storyboard */ = {
			isa = PBXVariantGroup;
			children = (
				41B9F3E61FEA756600A6155C /* Base */,
			);
			name = Main.storyboard;
			sourceTree = "<group>";
		};
		41B9F3EA1FEA756600A6155C /* LaunchScreen.storyboard */ = {
			isa = PBXVariantGroup;
			children = (
				41B9F3EB1FEA756600A6155C /* Base */,
			);
			name = LaunchScreen.storyboard;
			sourceTree = "<group>";
		};
/* End PBXVariantGroup section */

/* Begin XCBuildConfiguration section */
		41B9F3EE1FEA756600A6155C /* Debug */ = {
			isa = XCBuildConfiguration;
			buildSettings = {
				ALWAYS_SEARCH_USER_PATHS = NO;
				CLANG_ANALYZER_NONNULL = YES;
				CLANG_ANALYZER_NUMBER_OBJECT_CONVERSION = YES_AGGRESSIVE;
				CLANG_CXX_LANGUAGE_STANDARD = "gnu++14";
				CLANG_CXX_LIBRARY = "libc++";
				CLANG_ENABLE_MODULES = YES;
				CLANG_ENABLE_OBJC_ARC = YES;
				CLANG_WARN_BLOCK_CAPTURE_AUTORELEASING = YES;
				CLANG_WARN_BOOL_CONVERSION = YES;
				CLANG_WARN_COMMA = YES;
				CLANG_WARN_CONSTANT_CONVERSION = YES;
				CLANG_WARN_DIRECT_OBJC_ISA_USAGE = YES_ERROR;
				CLANG_WARN_DOCUMENTATION_COMMENTS = YES;
				CLANG_WARN_EMPTY_BODY = YES;
				CLANG_WARN_ENUM_CONVERSION = YES;
				CLANG_WARN_INFINITE_RECURSION = YES;
				CLANG_WARN_INT_CONVERSION = YES;
				CLANG_WARN_NON_LITERAL_NULL_CONVERSION = YES;
				CLANG_WARN_OBJC_LITERAL_CONVERSION = YES;
				CLANG_WARN_OBJC_ROOT_CLASS = YES_ERROR;
				CLANG_WARN_RANGE_LOOP_ANALYSIS = YES;
				CLANG_WARN_STRICT_PROTOTYPES = YES;
				CLANG_WARN_SUSPICIOUS_MOVE = YES;
				CLANG_WARN_UNGUARDED_AVAILABILITY = YES_AGGRESSIVE;
				CLANG_WARN_UNREACHABLE_CODE = YES;
				CLANG_WARN__DUPLICATE_METHOD_MATCH = YES;
				CODE_SIGN_IDENTITY = "iPhone Developer";
				COPY_PHASE_STRIP = NO;
				DEBUG_INFORMATION_FORMAT = dwarf;
				ENABLE_STRICT_OBJC_MSGSEND = YES;
				ENABLE_TESTABILITY = YES;
				GCC_C_LANGUAGE_STANDARD = gnu11;
				GCC_DYNAMIC_NO_PIC = NO;
				GCC_NO_COMMON_BLOCKS = YES;
				GCC_OPTIMIZATION_LEVEL = 0;
				GCC_PREPROCESSOR_DEFINITIONS = (
					"DEBUG=1",
					"$(inherited)",
				);
				GCC_WARN_64_TO_32_BIT_CONVERSION = YES;
				GCC_WARN_ABOUT_RETURN_TYPE = YES_ERROR;
				GCC_WARN_UNDECLARED_SELECTOR = YES;
				GCC_WARN_UNINITIALIZED_AUTOS = YES_AGGRESSIVE;
				GCC_WARN_UNUSED_FUNCTION = YES;
				GCC_WARN_UNUSED_VARIABLE = YES;
				IPHONEOS_DEPLOYMENT_TARGET = 9.0;
				MTL_ENABLE_DEBUG_INFO = YES;
				ONLY_ACTIVE_ARCH = YES;
				SDKROOT = iphoneos;
				SWIFT_ACTIVE_COMPILATION_CONDITIONS = DEBUG;
				SWIFT_OPTIMIZATION_LEVEL = "-Onone";
			};
			name = Debug;
		};
		41B9F3EF1FEA756600A6155C /* Release */ = {
			isa = XCBuildConfiguration;
			buildSettings = {
				ALWAYS_SEARCH_USER_PATHS = NO;
				CLANG_ANALYZER_NONNULL = YES;
				CLANG_ANALYZER_NUMBER_OBJECT_CONVERSION = YES_AGGRESSIVE;
				CLANG_CXX_LANGUAGE_STANDARD = "gnu++14";
				CLANG_CXX_LIBRARY = "libc++";
				CLANG_ENABLE_MODULES = YES;
				CLANG_ENABLE_OBJC_ARC = YES;
				CLANG_WARN_BLOCK_CAPTURE_AUTORELEASING = YES;
				CLANG_WARN_BOOL_CONVERSION = YES;
				CLANG_WARN_COMMA = YES;
				CLANG_WARN_CONSTANT_CONVERSION = YES;
				CLANG_WARN_DIRECT_OBJC_ISA_USAGE = YES_ERROR;
				CLANG_WARN_DOCUMENTATION_COMMENTS = YES;
				CLANG_WARN_EMPTY_BODY = YES;
				CLANG_WARN_ENUM_CONVERSION = YES;
				CLANG_WARN_INFINITE_RECURSION = YES;
				CLANG_WARN_INT_CONVERSION = YES;
				CLANG_WARN_NON_LITERAL_NULL_CONVERSION = YES;
				CLANG_WARN_OBJC_LITERAL_CONVERSION = YES;
				CLANG_WARN_OBJC_ROOT_CLASS = YES_ERROR;
				CLANG_WARN_RANGE_LOOP_ANALYSIS = YES;
				CLANG_WARN_STRICT_PROTOTYPES = YES;
				CLANG_WARN_SUSPICIOUS_MOVE = YES;
				CLANG_WARN_UNGUARDED_AVAILABILITY = YES_AGGRESSIVE;
				CLANG_WARN_UNREACHABLE_CODE = YES;
				CLANG_WARN__DUPLICATE_METHOD_MATCH = YES;
				CODE_SIGN_IDENTITY = "iPhone Developer";
				COPY_PHASE_STRIP = NO;
				DEBUG_INFORMATION_FORMAT = "dwarf-with-dsym";
				ENABLE_NS_ASSERTIONS = NO;
				ENABLE_STRICT_OBJC_MSGSEND = YES;
				GCC_C_LANGUAGE_STANDARD = gnu11;
				GCC_NO_COMMON_BLOCKS = YES;
				GCC_WARN_64_TO_32_BIT_CONVERSION = YES;
				GCC_WARN_ABOUT_RETURN_TYPE = YES_ERROR;
				GCC_WARN_UNDECLARED_SELECTOR = YES;
				GCC_WARN_UNINITIALIZED_AUTOS = YES_AGGRESSIVE;
				GCC_WARN_UNUSED_FUNCTION = YES;
				GCC_WARN_UNUSED_VARIABLE = YES;
				IPHONEOS_DEPLOYMENT_TARGET = 9.0;
				MTL_ENABLE_DEBUG_INFO = NO;
				SDKROOT = iphoneos;
				SWIFT_OPTIMIZATION_LEVEL = "-Owholemodule";
				VALIDATE_PRODUCT = YES;
			};
			name = Release;
		};
		41B9F3F11FEA756600A6155C /* Debug */ = {
			isa = XCBuildConfiguration;
			baseConfigurationReference = D1174A76E242A681999FAF72 /* Pods-SessionSample.debug.xcconfig */;
			buildSettings = {
				ASSETCATALOG_COMPILER_APPICON_NAME = AppIcon;
				CODE_SIGN_STYLE = Automatic;
				DEVELOPMENT_TEAM = XPL37BB5X6;
				INFOPLIST_FILE = SessionSample/Info.plist;
				IPHONEOS_DEPLOYMENT_TARGET = 9.0;
				LD_RUNPATH_SEARCH_PATHS = "$(inherited) @executable_path/Frameworks";
				PRODUCT_BUNDLE_IDENTIFIER = Apizee.SessionSample;
				PRODUCT_NAME = "$(TARGET_NAME)";
				SWIFT_VERSION = 4.0;
				TARGETED_DEVICE_FAMILY = "1,2";
			};
			name = Debug;
		};
		41B9F3F21FEA756600A6155C /* Release */ = {
			isa = XCBuildConfiguration;
			baseConfigurationReference = FE8190E4C8E560A55378FF8F /* Pods-SessionSample.release.xcconfig */;
			buildSettings = {
				ASSETCATALOG_COMPILER_APPICON_NAME = AppIcon;
				CODE_SIGN_STYLE = Automatic;
				DEVELOPMENT_TEAM = XPL37BB5X6;
				INFOPLIST_FILE = SessionSample/Info.plist;
				IPHONEOS_DEPLOYMENT_TARGET = 9.0;
				LD_RUNPATH_SEARCH_PATHS = "$(inherited) @executable_path/Frameworks";
				PRODUCT_BUNDLE_IDENTIFIER = Apizee.SessionSample;
				PRODUCT_NAME = "$(TARGET_NAME)";
				SWIFT_VERSION = 4.0;
				TARGETED_DEVICE_FAMILY = "1,2";
			};
			name = Release;
		};
/* End XCBuildConfiguration section */

/* Begin XCConfigurationList section */
		41B9F3D91FEA756600A6155C /* Build configuration list for PBXProject "SessionSample" */ = {
			isa = XCConfigurationList;
			buildConfigurations = (
				41B9F3EE1FEA756600A6155C /* Debug */,
				41B9F3EF1FEA756600A6155C /* Release */,
			);
			defaultConfigurationIsVisible = 0;
			defaultConfigurationName = Release;
		};
		41B9F3F01FEA756600A6155C /* Build configuration list for PBXNativeTarget "SessionSample" */ = {
			isa = XCConfigurationList;
			buildConfigurations = (
				41B9F3F11FEA756600A6155C /* Debug */,
				41B9F3F21FEA756600A6155C /* Release */,
			);
			defaultConfigurationIsVisible = 0;
			defaultConfigurationName = Release;
		};
/* End XCConfigurationList section */
	};
	rootObject = 41B9F3D61FEA756600A6155C /* Project object */;
}
