// !$*UTF8*$!
{
	archiveVersion = 1;
	classes = {
	};
	objectVersion = 48;
	objects = {

/* Begin PBXBuildFile section */
		08C425E6EB859087D6A2503F /* Pods_WhiteBoardSample.framework in Frameworks */ = {isa = PBXBuildFile; fileRef = 9528E620823443EEE60750EA /* Pods_WhiteBoardSample.framework */; };
		411269C82010A00D006F079B /* ApiRTC.framework in Frameworks */ = {isa = PBXBuildFile; fileRef = 411269C72010A00D006F079B /* ApiRTC.framework */; };
		411269C92010A00D006F079B /* ApiRTC.framework in Embed Frameworks */ = {isa = PBXBuildFile; fileRef = 411269C72010A00D006F079B /* ApiRTC.framework */; settings = {ATTRIBUTES = (CodeSignOnCopy, RemoveHeadersOnCopy, ); }; };
		411DB132200CE2EB009BB689 /* Utils.swift in Sources */ = {isa = PBXBuildFile; fileRef = 411DB131200CE2EB009BB689 /* Utils.swift */; };
		41BAD0821FFE3810004EC1CD /* AppDelegate.swift in Sources */ = {isa = PBXBuildFile; fileRef = 41BAD0811FFE3810004EC1CD /* AppDelegate.swift */; };
		41BAD0841FFE3810004EC1CD /* ViewController.swift in Sources */ = {isa = PBXBuildFile; fileRef = 41BAD0831FFE3810004EC1CD /* ViewController.swift */; };
		41BAD0871FFE3810004EC1CD /* Main.storyboard in Resources */ = {isa = PBXBuildFile; fileRef = 41BAD0851FFE3810004EC1CD /* Main.storyboard */; };
		41BAD0891FFE3810004EC1CD /* Assets.xcassets in Resources */ = {isa = PBXBuildFile; fileRef = 41BAD0881FFE3810004EC1CD /* Assets.xcassets */; };
		41BAD08C1FFE3810004EC1CD /* LaunchScreen.storyboard in Resources */ = {isa = PBXBuildFile; fileRef = 41BAD08A1FFE3810004EC1CD /* LaunchScreen.storyboard */; };
		41BAD0AA1FFF962F004EC1CD /* Config.swift in Sources */ = {isa = PBXBuildFile; fileRef = 41BAD0A91FFF962F004EC1CD /* Config.swift */; };
		41E1F41E200E1495005AB4C0 /* WhiteboardViewController.swift in Sources */ = {isa = PBXBuildFile; fileRef = 41E1F41D200E1495005AB4C0 /* WhiteboardViewController.swift */; };
		41E1F420200E383A005AB4C0 /* WhiteboardView.swift in Sources */ = {isa = PBXBuildFile; fileRef = 41E1F41F200E383A005AB4C0 /* WhiteboardView.swift */; };
/* End PBXBuildFile section */

/* Begin PBXCopyFilesBuildPhase section */
		4156D1D72003B65C008B9D8C /* Embed Frameworks */ = {
			isa = PBXCopyFilesBuildPhase;
			buildActionMask = 2147483647;
			dstPath = "";
			dstSubfolderSpec = 10;
			files = (
				411269C92010A00D006F079B /* ApiRTC.framework in Embed Frameworks */,
			);
			name = "Embed Frameworks";
			runOnlyForDeploymentPostprocessing = 0;
		};
/* End PBXCopyFilesBuildPhase section */

/* Begin PBXFileReference section */
		411269C72010A00D006F079B /* ApiRTC.framework */ = {isa = PBXFileReference; explicitFileType = wrapper.framework; path = ApiRTC.framework; sourceTree = BUILT_PRODUCTS_DIR; };
		411DB131200CE2EB009BB689 /* Utils.swift */ = {isa = PBXFileReference; lastKnownFileType = sourcecode.swift; path = Utils.swift; sourceTree = "<group>"; };
		41BAD07E1FFE3810004EC1CD /* WhiteBoardSample.app */ = {isa = PBXFileReference; explicitFileType = wrapper.application; includeInIndex = 0; path = WhiteBoardSample.app; sourceTree = BUILT_PRODUCTS_DIR; };
		41BAD0811FFE3810004EC1CD /* AppDelegate.swift */ = {isa = PBXFileReference; lastKnownFileType = sourcecode.swift; path = AppDelegate.swift; sourceTree = "<group>"; };
		41BAD0831FFE3810004EC1CD /* ViewController.swift */ = {isa = PBXFileReference; lastKnownFileType = sourcecode.swift; path = ViewController.swift; sourceTree = "<group>"; };
		41BAD0861FFE3810004EC1CD /* Base */ = {isa = PBXFileReference; lastKnownFileType = file.storyboard; name = Base; path = Base.lproj/Main.storyboard; sourceTree = "<group>"; };
		41BAD0881FFE3810004EC1CD /* Assets.xcassets */ = {isa = PBXFileReference; lastKnownFileType = folder.assetcatalog; path = Assets.xcassets; sourceTree = "<group>"; };
		41BAD08B1FFE3810004EC1CD /* Base */ = {isa = PBXFileReference; lastKnownFileType = file.storyboard; name = Base; path = Base.lproj/LaunchScreen.storyboard; sourceTree = "<group>"; };
		41BAD08D1FFE3810004EC1CD /* Info.plist */ = {isa = PBXFileReference; lastKnownFileType = text.plist.xml; path = Info.plist; sourceTree = "<group>"; };
		41BAD0A91FFF962F004EC1CD /* Config.swift */ = {isa = PBXFileReference; lastKnownFileType = sourcecode.swift; path = Config.swift; sourceTree = "<group>"; };
		41E1F41D200E1495005AB4C0 /* WhiteboardViewController.swift */ = {isa = PBXFileReference; lastKnownFileType = sourcecode.swift; path = WhiteboardViewController.swift; sourceTree = "<group>"; };
		41E1F41F200E383A005AB4C0 /* WhiteboardView.swift */ = {isa = PBXFileReference; lastKnownFileType = sourcecode.swift; path = WhiteboardView.swift; sourceTree = "<group>"; };
		92E21BBC06A4A7625014729F /* Pods-WhiteBoardSample.debug.xcconfig */ = {isa = PBXFileReference; includeInIndex = 1; lastKnownFileType = text.xcconfig; name = "Pods-WhiteBoardSample.debug.xcconfig"; path = "Pods/Target Support Files/Pods-WhiteBoardSample/Pods-WhiteBoardSample.debug.xcconfig"; sourceTree = "<group>"; };
		9528E620823443EEE60750EA /* Pods_WhiteBoardSample.framework */ = {isa = PBXFileReference; explicitFileType = wrapper.framework; includeInIndex = 0; path = Pods_WhiteBoardSample.framework; sourceTree = BUILT_PRODUCTS_DIR; };
		EE1C7F5E0CD120C5D947B3F6 /* Pods-WhiteBoardSample.release.xcconfig */ = {isa = PBXFileReference; includeInIndex = 1; lastKnownFileType = text.xcconfig; name = "Pods-WhiteBoardSample.release.xcconfig"; path = "Pods/Target Support Files/Pods-WhiteBoardSample/Pods-WhiteBoardSample.release.xcconfig"; sourceTree = "<group>"; };
/* End PBXFileReference section */

/* Begin PBXFrameworksBuildPhase section */
		41BAD07B1FFE3810004EC1CD /* Frameworks */ = {
			isa = PBXFrameworksBuildPhase;
			buildActionMask = 2147483647;
			files = (
				08C425E6EB859087D6A2503F /* Pods_WhiteBoardSample.framework in Frameworks */,
				411269C82010A00D006F079B /* ApiRTC.framework in Frameworks */,
			);
			runOnlyForDeploymentPostprocessing = 0;
		};
/* End PBXFrameworksBuildPhase section */

/* Begin PBXGroup section */
		28353CA1EF4D7B2C29333FEB /* Pods */ = {
			isa = PBXGroup;
			children = (
				92E21BBC06A4A7625014729F /* Pods-WhiteBoardSample.debug.xcconfig */,
				EE1C7F5E0CD120C5D947B3F6 /* Pods-WhiteBoardSample.release.xcconfig */,
			);
			name = Pods;
			sourceTree = "<group>";
		};
		41BAD0751FFE3810004EC1CD = {
			isa = PBXGroup;
			children = (
				411269C72010A00D006F079B /* ApiRTC.framework */,
				41BAD0801FFE3810004EC1CD /* WhiteBoardSample */,
				41BAD07F1FFE3810004EC1CD /* Products */,
				28353CA1EF4D7B2C29333FEB /* Pods */,
				4B0A9C8F9154235ED41DD07A /* Frameworks */,
			);
			sourceTree = "<group>";
		};
		41BAD07F1FFE3810004EC1CD /* Products */ = {
			isa = PBXGroup;
			children = (
				41BAD07E1FFE3810004EC1CD /* WhiteBoardSample.app */,
			);
			name = Products;
			sourceTree = "<group>";
		};
		41BAD0801FFE3810004EC1CD /* WhiteBoardSample */ = {
			isa = PBXGroup;
			children = (
				41BAD0811FFE3810004EC1CD /* AppDelegate.swift */,
				41BAD0A91FFF962F004EC1CD /* Config.swift */,
				41BAD0831FFE3810004EC1CD /* ViewController.swift */,
				41E1F41D200E1495005AB4C0 /* WhiteboardViewController.swift */,
				41E1F41F200E383A005AB4C0 /* WhiteboardView.swift */,
				411DB131200CE2EB009BB689 /* Utils.swift */,
				41BAD0851FFE3810004EC1CD /* Main.storyboard */,
				41BAD0881FFE3810004EC1CD /* Assets.xcassets */,
				41BAD08A1FFE3810004EC1CD /* LaunchScreen.storyboard */,
				41BAD08D1FFE3810004EC1CD /* Info.plist */,
			);
			path = WhiteBoardSample;
			sourceTree = "<group>";
		};
		4B0A9C8F9154235ED41DD07A /* Frameworks */ = {
			isa = PBXGroup;
			children = (
				9528E620823443EEE60750EA /* Pods_WhiteBoardSample.framework */,
			);
			name = Frameworks;
			sourceTree = "<group>";
		};
/* End PBXGroup section */

/* Begin PBXNativeTarget section */
		41BAD07D1FFE3810004EC1CD /* WhiteBoardSample */ = {
			isa = PBXNativeTarget;
			buildConfigurationList = 41BAD0901FFE3810004EC1CD /* Build configuration list for PBXNativeTarget "WhiteBoardSample" */;
			buildPhases = (
				C0A80BBE1CD9FC4FEE53BDAC /* [CP] Check Pods Manifest.lock */,
				41BAD07A1FFE3810004EC1CD /* Sources */,
				41BAD07B1FFE3810004EC1CD /* Frameworks */,
				41BAD07C1FFE3810004EC1CD /* Resources */,
				3C40D865D529F3140745BB38 /* [CP] Embed Pods Frameworks */,
				ED5B9000EB6C7DDF358D6984 /* [CP] Copy Pods Resources */,
				4156D1D72003B65C008B9D8C /* Embed Frameworks */,
			);
			buildRules = (
			);
			dependencies = (
			);
			name = WhiteBoardSample;
			productName = WhiteBoardSample;
			productReference = 41BAD07E1FFE3810004EC1CD /* WhiteBoardSample.app */;
			productType = "com.apple.product-type.application";
		};
/* End PBXNativeTarget section */

/* Begin PBXProject section */
		41BAD0761FFE3810004EC1CD /* Project object */ = {
			isa = PBXProject;
			attributes = {
				LastSwiftUpdateCheck = 0920;
				LastUpgradeCheck = 0920;
				ORGANIZATIONNAME = Apizee;
				TargetAttributes = {
					41BAD07D1FFE3810004EC1CD = {
						CreatedOnToolsVersion = 9.2;
						ProvisioningStyle = Automatic;
					};
				};
			};
			buildConfigurationList = 41BAD0791FFE3810004EC1CD /* Build configuration list for PBXProject "WhiteBoardSample" */;
			compatibilityVersion = "Xcode 8.0";
			developmentRegion = en;
			hasScannedForEncodings = 0;
			knownRegions = (
				en,
				Base,
			);
			mainGroup = 41BAD0751FFE3810004EC1CD;
			productRefGroup = 41BAD07F1FFE3810004EC1CD /* Products */;
			projectDirPath = "";
			projectRoot = "";
			targets = (
				41BAD07D1FFE3810004EC1CD /* WhiteBoardSample */,
			);
		};
/* End PBXProject section */

/* Begin PBXResourcesBuildPhase section */
		41BAD07C1FFE3810004EC1CD /* Resources */ = {
			isa = PBXResourcesBuildPhase;
			buildActionMask = 2147483647;
			files = (
				41BAD08C1FFE3810004EC1CD /* LaunchScreen.storyboard in Resources */,
				41BAD0891FFE3810004EC1CD /* Assets.xcassets in Resources */,
				41BAD0871FFE3810004EC1CD /* Main.storyboard in Resources */,
			);
			runOnlyForDeploymentPostprocessing = 0;
		};
/* End PBXResourcesBuildPhase section */

/* Begin PBXShellScriptBuildPhase section */
		3C40D865D529F3140745BB38 /* [CP] Embed Pods Frameworks */ = {
			isa = PBXShellScriptBuildPhase;
			buildActionMask = 2147483647;
			files = (
			);
			inputPaths = (
				"${SRCROOT}/../../ApiRTCDev/Pods/Target Support Files/Pods-WhiteBoardSample/Pods-WhiteBoardSample-frameworks.sh",
				"${PODS_ROOT}/GoogleWebRTC/Frameworks/frameworks/WebRTC.framework",
				"${BUILT_PRODUCTS_DIR}/SnapKit/SnapKit.framework",
				"${BUILT_PRODUCTS_DIR}/Socket.IO-Client-Swift/SocketIO.framework",
				"${BUILT_PRODUCTS_DIR}/Starscream/Starscream.framework",
				"${BUILT_PRODUCTS_DIR}/Eureka/Eureka.framework",
				"${BUILT_PRODUCTS_DIR}/SwiftyDrop/SwiftyDrop.framework",
			);
			name = "[CP] Embed Pods Frameworks";
			outputPaths = (
				"${TARGET_BUILD_DIR}/${FRAMEWORKS_FOLDER_PATH}/WebRTC.framework",
				"${TARGET_BUILD_DIR}/${FRAMEWORKS_FOLDER_PATH}/SnapKit.framework",
				"${TARGET_BUILD_DIR}/${FRAMEWORKS_FOLDER_PATH}/SocketIO.framework",
				"${TARGET_BUILD_DIR}/${FRAMEWORKS_FOLDER_PATH}/Starscream.framework",
				"${TARGET_BUILD_DIR}/${FRAMEWORKS_FOLDER_PATH}/Eureka.framework",
				"${TARGET_BUILD_DIR}/${FRAMEWORKS_FOLDER_PATH}/SwiftyDrop.framework",
			);
			runOnlyForDeploymentPostprocessing = 0;
			shellPath = /bin/sh;
			shellScript = "\"${SRCROOT}/../../ApiRTCDev/Pods/Target Support Files/Pods-WhiteBoardSample/Pods-WhiteBoardSample-frameworks.sh\"\n";
			showEnvVarsInLog = 0;
		};
		C0A80BBE1CD9FC4FEE53BDAC /* [CP] Check Pods Manifest.lock */ = {
			isa = PBXShellScriptBuildPhase;
			buildActionMask = 2147483647;
			files = (
			);
			inputPaths = (
				"${PODS_PODFILE_DIR_PATH}/Podfile.lock",
				"${PODS_ROOT}/Manifest.lock",
			);
			name = "[CP] Check Pods Manifest.lock";
			outputPaths = (
				"$(DERIVED_FILE_DIR)/Pods-WhiteBoardSample-checkManifestLockResult.txt",
			);
			runOnlyForDeploymentPostprocessing = 0;
			shellPath = /bin/sh;
			shellScript = "diff \"${PODS_PODFILE_DIR_PATH}/Podfile.lock\" \"${PODS_ROOT}/Manifest.lock\" > /dev/null\nif [ $? != 0 ] ; then\n    # print error to STDERR\n    echo \"error: The sandbox is not in sync with the Podfile.lock. Run 'pod install' or update your CocoaPods installation.\" >&2\n    exit 1\nfi\n# This output is used by Xcode 'outputs' to avoid re-running this script phase.\necho \"SUCCESS\" > \"${SCRIPT_OUTPUT_FILE_0}\"\n";
			showEnvVarsInLog = 0;
		};
		ED5B9000EB6C7DDF358D6984 /* [CP] Copy Pods Resources */ = {
			isa = PBXShellScriptBuildPhase;
			buildActionMask = 2147483647;
			files = (
			);
			inputPaths = (
			);
			name = "[CP] Copy Pods Resources";
			outputPaths = (
			);
			runOnlyForDeploymentPostprocessing = 0;
			shellPath = /bin/sh;
			shellScript = "\"${SRCROOT}/../../ApiRTCDev/Pods/Target Support Files/Pods-WhiteBoardSample/Pods-WhiteBoardSample-resources.sh\"\n";
			showEnvVarsInLog = 0;
		};
/* End PBXShellScriptBuildPhase section */

/* Begin PBXSourcesBuildPhase section */
		41BAD07A1FFE3810004EC1CD /* Sources */ = {
			isa = PBXSourcesBuildPhase;
			buildActionMask = 2147483647;
			files = (
				41BAD0841FFE3810004EC1CD /* ViewController.swift in Sources */,
				41BAD0821FFE3810004EC1CD /* AppDelegate.swift in Sources */,
				41BAD0AA1FFF962F004EC1CD /* Config.swift in Sources */,
				411DB132200CE2EB009BB689 /* Utils.swift in Sources */,
				41E1F41E200E1495005AB4C0 /* WhiteboardViewController.swift in Sources */,
				41E1F420200E383A005AB4C0 /* WhiteboardView.swift in Sources */,
			);
			runOnlyForDeploymentPostprocessing = 0;
		};
/* End PBXSourcesBuildPhase section */

/* Begin PBXVariantGroup section */
		41BAD0851FFE3810004EC1CD /* Main.storyboard */ = {
			isa = PBXVariantGroup;
			children = (
				41BAD0861FFE3810004EC1CD /* Base */,
			);
			name = Main.storyboard;
			sourceTree = "<group>";
		};
		41BAD08A1FFE3810004EC1CD /* LaunchScreen.storyboard */ = {
			isa = PBXVariantGroup;
			children = (
				41BAD08B1FFE3810004EC1CD /* Base */,
			);
			name = LaunchScreen.storyboard;
			sourceTree = "<group>";
		};
/* End PBXVariantGroup section */

/* Begin XCBuildConfiguration section */
		41BAD08E1FFE3810004EC1CD /* Debug */ = {
			isa = XCBuildConfiguration;
			buildSettings = {
				ALWAYS_SEARCH_USER_PATHS = NO;
				CLANG_ANALYZER_NONNULL = YES;
				CLANG_ANALYZER_NUMBER_OBJECT_CONVERSION = YES_AGGRESSIVE;
				CLANG_CXX_LANGUAGE_STANDARD = "gnu++14";
				CLANG_CXX_LIBRARY = "libc++";
				CLANG_ENABLE_MODULES = YES;
				CLANG_ENABLE_OBJC_ARC = YES;
				CLANG_WARN_BLOCK_CAPTURE_AUTORELEASING = YES;
				CLANG_WARN_BOOL_CONVERSION = YES;
				CLANG_WARN_COMMA = YES;
				CLANG_WARN_CONSTANT_CONVERSION = YES;
				CLANG_WARN_DIRECT_OBJC_ISA_USAGE = YES_ERROR;
				CLANG_WARN_DOCUMENTATION_COMMENTS = YES;
				CLANG_WARN_EMPTY_BODY = YES;
				CLANG_WARN_ENUM_CONVERSION = YES;
				CLANG_WARN_INFINITE_RECURSION = YES;
				CLANG_WARN_INT_CONVERSION = YES;
				CLANG_WARN_NON_LITERAL_NULL_CONVERSION = YES;
				CLANG_WARN_OBJC_LITERAL_CONVERSION = YES;
				CLANG_WARN_OBJC_ROOT_CLASS = YES_ERROR;
				CLANG_WARN_RANGE_LOOP_ANALYSIS = YES;
				CLANG_WARN_STRICT_PROTOTYPES = YES;
				CLANG_WARN_SUSPICIOUS_MOVE = YES;
				CLANG_WARN_UNGUARDED_AVAILABILITY = YES_AGGRESSIVE;
				CLANG_WARN_UNREACHABLE_CODE = YES;
				CLANG_WARN__DUPLICATE_METHOD_MATCH = YES;
				CODE_SIGN_IDENTITY = "iPhone Developer";
				COPY_PHASE_STRIP = NO;
				DEBUG_INFORMATION_FORMAT = dwarf;
				ENABLE_STRICT_OBJC_MSGSEND = YES;
				ENABLE_TESTABILITY = YES;
				GCC_C_LANGUAGE_STANDARD = gnu11;
				GCC_DYNAMIC_NO_PIC = NO;
				GCC_NO_COMMON_BLOCKS = YES;
				GCC_OPTIMIZATION_LEVEL = 0;
				GCC_PREPROCESSOR_DEFINITIONS = (
					"DEBUG=1",
					"$(inherited)",
				);
				GCC_WARN_64_TO_32_BIT_CONVERSION = YES;
				GCC_WARN_ABOUT_RETURN_TYPE = YES_ERROR;
				GCC_WARN_UNDECLARED_SELECTOR = YES;
				GCC_WARN_UNINITIALIZED_AUTOS = YES_AGGRESSIVE;
				GCC_WARN_UNUSED_FUNCTION = YES;
				GCC_WARN_UNUSED_VARIABLE = YES;
				IPHONEOS_DEPLOYMENT_TARGET = 9.0;
				MTL_ENABLE_DEBUG_INFO = YES;
				ONLY_ACTIVE_ARCH = YES;
				SDKROOT = iphoneos;
				SWIFT_ACTIVE_COMPILATION_CONDITIONS = DEBUG;
				SWIFT_OPTIMIZATION_LEVEL = "-Onone";
			};
			name = Debug;
		};
		41BAD08F1FFE3810004EC1CD /* Release */ = {
			isa = XCBuildConfiguration;
			buildSettings = {
				ALWAYS_SEARCH_USER_PATHS = NO;
				CLANG_ANALYZER_NONNULL = YES;
				CLANG_ANALYZER_NUMBER_OBJECT_CONVERSION = YES_AGGRESSIVE;
				CLANG_CXX_LANGUAGE_STANDARD = "gnu++14";
				CLANG_CXX_LIBRARY = "libc++";
				CLANG_ENABLE_MODULES = YES;
				CLANG_ENABLE_OBJC_ARC = YES;
				CLANG_WARN_BLOCK_CAPTURE_AUTORELEASING = YES;
				CLANG_WARN_BOOL_CONVERSION = YES;
				CLANG_WARN_COMMA = YES;
				CLANG_WARN_CONSTANT_CONVERSION = YES;
				CLANG_WARN_DIRECT_OBJC_ISA_USAGE = YES_ERROR;
				CLANG_WARN_DOCUMENTATION_COMMENTS = YES;
				CLANG_WARN_EMPTY_BODY = YES;
				CLANG_WARN_ENUM_CONVERSION = YES;
				CLANG_WARN_INFINITE_RECURSION = YES;
				CLANG_WARN_INT_CONVERSION = YES;
				CLANG_WARN_NON_LITERAL_NULL_CONVERSION = YES;
				CLANG_WARN_OBJC_LITERAL_CONVERSION = YES;
				CLANG_WARN_OBJC_ROOT_CLASS = YES_ERROR;
				CLANG_WARN_RANGE_LOOP_ANALYSIS = YES;
				CLANG_WARN_STRICT_PROTOTYPES = YES;
				CLANG_WARN_SUSPICIOUS_MOVE = YES;
				CLANG_WARN_UNGUARDED_AVAILABILITY = YES_AGGRESSIVE;
				CLANG_WARN_UNREACHABLE_CODE = YES;
				CLANG_WARN__DUPLICATE_METHOD_MATCH = YES;
				CODE_SIGN_IDENTITY = "iPhone Developer";
				COPY_PHASE_STRIP = NO;
				DEBUG_INFORMATION_FORMAT = "dwarf-with-dsym";
				ENABLE_NS_ASSERTIONS = NO;
				ENABLE_STRICT_OBJC_MSGSEND = YES;
				GCC_C_LANGUAGE_STANDARD = gnu11;
				GCC_NO_COMMON_BLOCKS = YES;
				GCC_WARN_64_TO_32_BIT_CONVERSION = YES;
				GCC_WARN_ABOUT_RETURN_TYPE = YES_ERROR;
				GCC_WARN_UNDECLARED_SELECTOR = YES;
				GCC_WARN_UNINITIALIZED_AUTOS = YES_AGGRESSIVE;
				GCC_WARN_UNUSED_FUNCTION = YES;
				GCC_WARN_UNUSED_VARIABLE = YES;
				IPHONEOS_DEPLOYMENT_TARGET = 9.0;
				MTL_ENABLE_DEBUG_INFO = NO;
				SDKROOT = iphoneos;
				SWIFT_OPTIMIZATION_LEVEL = "-Owholemodule";
				VALIDATE_PRODUCT = YES;
			};
			name = Release;
		};
		41BAD0911FFE3810004EC1CD /* Debug */ = {
			isa = XCBuildConfiguration;
			baseConfigurationReference = 92E21BBC06A4A7625014729F /* Pods-WhiteBoardSample.debug.xcconfig */;
			buildSettings = {
				ASSETCATALOG_COMPILER_APPICON_NAME = AppIcon;
				CODE_SIGN_STYLE = Automatic;
				DEVELOPMENT_TEAM = XPL37BB5X6;
				ENABLE_BITCODE = NO;
				INFOPLIST_FILE = WhiteBoardSample/Info.plist;
				IPHONEOS_DEPLOYMENT_TARGET = 9.0;
				LD_RUNPATH_SEARCH_PATHS = "$(inherited) @executable_path/Frameworks";
				PRODUCT_BUNDLE_IDENTIFIER = Apizee.WhiteBoardSample;
				PRODUCT_NAME = "$(TARGET_NAME)";
				SWIFT_VERSION = 4.0;
				TARGETED_DEVICE_FAMILY = "1,2";
			};
			name = Debug;
		};
		41BAD0921FFE3810004EC1CD /* Release */ = {
			isa = XCBuildConfiguration;
			baseConfigurationReference = EE1C7F5E0CD120C5D947B3F6 /* Pods-WhiteBoardSample.release.xcconfig */;
			buildSettings = {
				ASSETCATALOG_COMPILER_APPICON_NAME = AppIcon;
				CODE_SIGN_STYLE = Automatic;
				DEVELOPMENT_TEAM = XPL37BB5X6;
				ENABLE_BITCODE = NO;
				INFOPLIST_FILE = WhiteBoardSample/Info.plist;
				IPHONEOS_DEPLOYMENT_TARGET = 9.0;
				LD_RUNPATH_SEARCH_PATHS = "$(inherited) @executable_path/Frameworks";
				PRODUCT_BUNDLE_IDENTIFIER = Apizee.WhiteBoardSample;
				PRODUCT_NAME = "$(TARGET_NAME)";
				SWIFT_VERSION = 4.0;
				TARGETED_DEVICE_FAMILY = "1,2";
			};
			name = Release;
		};
/* End XCBuildConfiguration section */

/* Begin XCConfigurationList section */
		41BAD0791FFE3810004EC1CD /* Build configuration list for PBXProject "WhiteBoardSample" */ = {
			isa = XCConfigurationList;
			buildConfigurations = (
				41BAD08E1FFE3810004EC1CD /* Debug */,
				41BAD08F1FFE3810004EC1CD /* Release */,
			);
			defaultConfigurationIsVisible = 0;
			defaultConfigurationName = Release;
		};
		41BAD0901FFE3810004EC1CD /* Build configuration list for PBXNativeTarget "WhiteBoardSample" */ = {
			isa = XCConfigurationList;
			buildConfigurations = (
				41BAD0911FFE3810004EC1CD /* Debug */,
				41BAD0921FFE3810004EC1CD /* Release */,
			);
			defaultConfigurationIsVisible = 0;
			defaultConfigurationName = Release;
		};
/* End XCConfigurationList section */
	};
	rootObject = 41BAD0761FFE3810004EC1CD /* Project object */;
}
